// !$*UTF8*$!
{
	archiveVersion = 1;
	classes = {
	};
	objectVersion = 46;
	objects = {

/* Begin PBXBuildFile section */
		6A1F3E4F161C655C0004C86A /* UIKit.framework in Frameworks */ = {isa = PBXBuildFile; fileRef = 6A1F3E4E161C655C0004C86A /* UIKit.framework */; };
		6A1F3E51161C655C0004C86A /* Foundation.framework in Frameworks */ = {isa = PBXBuildFile; fileRef = 6A1F3E50161C655C0004C86A /* Foundation.framework */; };
		6A1F3E53161C655C0004C86A /* CoreGraphics.framework in Frameworks */ = {isa = PBXBuildFile; fileRef = 6A1F3E52161C655C0004C86A /* CoreGraphics.framework */; };
		6A1F3E59161C655C0004C86A /* InfoPlist.strings in Resources */ = {isa = PBXBuildFile; fileRef = 6A1F3E57161C655C0004C86A /* InfoPlist.strings */; };
		6A1F3E5B161C655C0004C86A /* main.m in Sources */ = {isa = PBXBuildFile; fileRef = 6A1F3E5A161C655C0004C86A /* main.m */; };
		6A1F3E5F161C655C0004C86A /* AppDelegate.m in Sources */ = {isa = PBXBuildFile; fileRef = 6A1F3E5E161C655C0004C86A /* AppDelegate.m */; };
		6A1F3E62161C655D0004C86A /* MainStoryboard.storyboard in Resources */ = {isa = PBXBuildFile; fileRef = 6A1F3E60161C655D0004C86A /* MainStoryboard.storyboard */; };
		6A1F3E65161C655D0004C86A /* ViewController.m in Sources */ = {isa = PBXBuildFile; fileRef = 6A1F3E64161C655D0004C86A /* ViewController.m */; };
		6A1F3E6D161C655D0004C86A /* SenTestingKit.framework in Frameworks */ = {isa = PBXBuildFile; fileRef = 6A1F3E6C161C655D0004C86A /* SenTestingKit.framework */; };
		6A1F3E6E161C655D0004C86A /* UIKit.framework in Frameworks */ = {isa = PBXBuildFile; fileRef = 6A1F3E4E161C655C0004C86A /* UIKit.framework */; };
		6A1F3E6F161C655D0004C86A /* Foundation.framework in Frameworks */ = {isa = PBXBuildFile; fileRef = 6A1F3E50161C655C0004C86A /* Foundation.framework */; };
		6A1F3E77161C655D0004C86A /* InfoPlist.strings in Resources */ = {isa = PBXBuildFile; fileRef = 6A1F3E75161C655D0004C86A /* InfoPlist.strings */; };
		6A1F3E7A161C655D0004C86A /* ExemploJsonTests.m in Sources */ = {isa = PBXBuildFile; fileRef = 6A1F3E79161C655D0004C86A /* ExemploJsonTests.m */; };
/* End PBXBuildFile section */

/* Begin PBXContainerItemProxy section */
		6A1F3E70161C655D0004C86A /* PBXContainerItemProxy */ = {
			isa = PBXContainerItemProxy;
			containerPortal = 6A1F3E41161C655C0004C86A /* Project object */;
			proxyType = 1;
			remoteGlobalIDString = 6A1F3E49161C655C0004C86A;
			remoteInfo = ExemploJson;
		};
/* End PBXContainerItemProxy section */

/* Begin PBXFileReference section */
		6A1F3E4A161C655C0004C86A /* ExemploJson.app */ = {isa = PBXFileReference; explicitFileType = wrapper.application; includeInIndex = 0; path = ExemploJson.app; sourceTree = BUILT_PRODUCTS_DIR; };
		6A1F3E4E161C655C0004C86A /* UIKit.framework */ = {isa = PBXFileReference; lastKnownFileType = wrapper.framework; name = UIKit.framework; path = System/Library/Frameworks/UIKit.framework; sourceTree = SDKROOT; };
		6A1F3E50161C655C0004C86A /* Foundation.framework */ = {isa = PBXFileReference; lastKnownFileType = wrapper.framework; name = Foundation.framework; path = System/Library/Frameworks/Foundation.framework; sourceTree = SDKROOT; };
		6A1F3E52161C655C0004C86A /* CoreGraphics.framework */ = {isa = PBXFileReference; lastKnownFileType = wrapper.framework; name = CoreGraphics.framework; path = System/Library/Frameworks/CoreGraphics.framework; sourceTree = SDKROOT; };
		6A1F3E56161C655C0004C86A /* ExemploJson-Info.plist */ = {isa = PBXFileReference; lastKnownFileType = text.plist.xml; path = "ExemploJson-Info.plist"; sourceTree = "<group>"; };
		6A1F3E58161C655C0004C86A /* en */ = {isa = PBXFileReference; lastKnownFileType = text.plist.strings; name = en; path = en.lproj/InfoPlist.strings; sourceTree = "<group>"; };
		6A1F3E5A161C655C0004C86A /* main.m */ = {isa = PBXFileReference; lastKnownFileType = sourcecode.c.objc; path = main.m; sourceTree = "<group>"; };
		6A1F3E5C161C655C0004C86A /* ExemploJson-Prefix.pch */ = {isa = PBXFileReference; lastKnownFileType = sourcecode.c.h; path = "ExemploJson-Prefix.pch"; sourceTree = "<group>"; };
		6A1F3E5D161C655C0004C86A /* AppDelegate.h */ = {isa = PBXFileReference; lastKnownFileType = sourcecode.c.h; path = AppDelegate.h; sourceTree = "<group>"; };
		6A1F3E5E161C655C0004C86A /* AppDelegate.m */ = {isa = PBXFileReference; lastKnownFileType = sourcecode.c.objc; path = AppDelegate.m; sourceTree = "<group>"; };
		6A1F3E61161C655D0004C86A /* en */ = {isa = PBXFileReference; lastKnownFileType = file.storyboard; name = en; path = en.lproj/MainStoryboard.storyboard; sourceTree = "<group>"; };
		6A1F3E63161C655D0004C86A /* ViewController.h */ = {isa = PBXFileReference; lastKnownFileType = sourcecode.c.h; path = ViewController.h; sourceTree = "<group>"; };
		6A1F3E64161C655D0004C86A /* ViewController.m */ = {isa = PBXFileReference; lastKnownFileType = sourcecode.c.objc; path = ViewController.m; sourceTree = "<group>"; };
		6A1F3E6B161C655D0004C86A /* ExemploJsonTests.octest */ = {isa = PBXFileReference; explicitFileType = wrapper.cfbundle; includeInIndex = 0; path = ExemploJsonTests.octest; sourceTree = BUILT_PRODUCTS_DIR; };
		6A1F3E6C161C655D0004C86A /* SenTestingKit.framework */ = {isa = PBXFileReference; lastKnownFileType = wrapper.framework; name = SenTestingKit.framework; path = Library/Frameworks/SenTestingKit.framework; sourceTree = DEVELOPER_DIR; };
		6A1F3E74161C655D0004C86A /* ExemploJsonTests-Info.plist */ = {isa = PBXFileReference; lastKnownFileType = text.plist.xml; path = "ExemploJsonTests-Info.plist"; sourceTree = "<group>"; };
		6A1F3E76161C655D0004C86A /* en */ = {isa = PBXFileReference; lastKnownFileType = text.plist.strings; name = en; path = en.lproj/InfoPlist.strings; sourceTree = "<group>"; };
		6A1F3E78161C655D0004C86A /* ExemploJsonTests.h */ = {isa = PBXFileReference; lastKnownFileType = sourcecode.c.h; path = ExemploJsonTests.h; sourceTree = "<group>"; };
		6A1F3E79161C655D0004C86A /* ExemploJsonTests.m */ = {isa = PBXFileReference; lastKnownFileType = sourcecode.c.objc; path = ExemploJsonTests.m; sourceTree = "<group>"; };
/* End PBXFileReference section */

/* Begin PBXFrameworksBuildPhase section */
		6A1F3E47161C655C0004C86A /* Frameworks */ = {
			isa = PBXFrameworksBuildPhase;
			buildActionMask = 2147483647;
			files = (
				6A1F3E4F161C655C0004C86A /* UIKit.framework in Frameworks */,
				6A1F3E51161C655C0004C86A /* Foundation.framework in Frameworks */,
				6A1F3E53161C655C0004C86A /* CoreGraphics.framework in Frameworks */,
			);
			runOnlyForDeploymentPostprocessing = 0;
		};
		6A1F3E67161C655D0004C86A /* Frameworks */ = {
			isa = PBXFrameworksBuildPhase;
			buildActionMask = 2147483647;
			files = (
				6A1F3E6D161C655D0004C86A /* SenTestingKit.framework in Frameworks */,
				6A1F3E6E161C655D0004C86A /* UIKit.framework in Frameworks */,
				6A1F3E6F161C655D0004C86A /* Foundation.framework in Frameworks */,
			);
			runOnlyForDeploymentPostprocessing = 0;
		};
/* End PBXFrameworksBuildPhase section */

/* Begin PBXGroup section */
		6A1F3E3F161C655C0004C86A = {
			isa = PBXGroup;
			children = (
				6A1F3E54161C655C0004C86A /* ExemploJson */,
				6A1F3E72161C655D0004C86A /* ExemploJsonTests */,
				6A1F3E4D161C655C0004C86A /* Frameworks */,
				6A1F3E4B161C655C0004C86A /* Products */,
			);
			sourceTree = "<group>";
		};
		6A1F3E4B161C655C0004C86A /* Products */ = {
			isa = PBXGroup;
			children = (
				6A1F3E4A161C655C0004C86A /* ExemploJson.app */,
				6A1F3E6B161C655D0004C86A /* ExemploJsonTests.octest */,
			);
			name = Products;
			sourceTree = "<group>";
		};
		6A1F3E4D161C655C0004C86A /* Frameworks */ = {
			isa = PBXGroup;
			children = (
				6A1F3E4E161C655C0004C86A /* UIKit.framework */,
				6A1F3E50161C655C0004C86A /* Foundation.framework */,
				6A1F3E52161C655C0004C86A /* CoreGraphics.framework */,
				6A1F3E6C161C655D0004C86A /* SenTestingKit.framework */,
			);
			name = Frameworks;
			sourceTree = "<group>";
		};
		6A1F3E54161C655C0004C86A /* ExemploJson */ = {
			isa = PBXGroup;
			children = (
				6A1F3E5D161C655C0004C86A /* AppDelegate.h */,
				6A1F3E5E161C655C0004C86A /* AppDelegate.m */,
				6A1F3E60161C655D0004C86A /* MainStoryboard.storyboard */,
				6A1F3E63161C655D0004C86A /* ViewController.h */,
				6A1F3E64161C655D0004C86A /* ViewController.m */,
				6A1F3E55161C655C0004C86A /* Supporting Files */,
			);
			path = ExemploJson;
			sourceTree = "<group>";
		};
		6A1F3E55161C655C0004C86A /* Supporting Files */ = {
			isa = PBXGroup;
			children = (
				6A1F3E56161C655C0004C86A /* ExemploJson-Info.plist */,
				6A1F3E57161C655C0004C86A /* InfoPlist.strings */,
				6A1F3E5A161C655C0004C86A /* main.m */,
				6A1F3E5C161C655C0004C86A /* ExemploJson-Prefix.pch */,
			);
			name = "Supporting Files";
			sourceTree = "<group>";
		};
		6A1F3E72161C655D0004C86A /* ExemploJsonTests */ = {
			isa = PBXGroup;
			children = (
				6A1F3E78161C655D0004C86A /* ExemploJsonTests.h */,
				6A1F3E79161C655D0004C86A /* ExemploJsonTests.m */,
				6A1F3E73161C655D0004C86A /* Supporting Files */,
			);
			path = ExemploJsonTests;
			sourceTree = "<group>";
		};
		6A1F3E73161C655D0004C86A /* Supporting Files */ = {
			isa = PBXGroup;
			children = (
				6A1F3E74161C655D0004C86A /* ExemploJsonTests-Info.plist */,
				6A1F3E75161C655D0004C86A /* InfoPlist.strings */,
			);
			name = "Supporting Files";
			sourceTree = "<group>";
		};
/* End PBXGroup section */

/* Begin PBXNativeTarget section */
		6A1F3E49161C655C0004C86A /* ExemploJson */ = {
			isa = PBXNativeTarget;
			buildConfigurationList = 6A1F3E7D161C655D0004C86A /* Build configuration list for PBXNativeTarget "ExemploJson" */;
			buildPhases = (
				6A1F3E46161C655C0004C86A /* Sources */,
				6A1F3E47161C655C0004C86A /* Frameworks */,
				6A1F3E48161C655C0004C86A /* Resources */,
			);
			buildRules = (
			);
			dependencies = (
			);
			name = ExemploJson;
			productName = ExemploJson;
			productReference = 6A1F3E4A161C655C0004C86A /* ExemploJson.app */;
			productType = "com.apple.product-type.application";
		};
		6A1F3E6A161C655D0004C86A /* ExemploJsonTests */ = {
			isa = PBXNativeTarget;
			buildConfigurationList = 6A1F3E80161C655D0004C86A /* Build configuration list for PBXNativeTarget "ExemploJsonTests" */;
			buildPhases = (
				6A1F3E66161C655D0004C86A /* Sources */,
				6A1F3E67161C655D0004C86A /* Frameworks */,
				6A1F3E68161C655D0004C86A /* Resources */,
				6A1F3E69161C655D0004C86A /* ShellScript */,
			);
			buildRules = (
			);
			dependencies = (
				6A1F3E71161C655D0004C86A /* PBXTargetDependency */,
			);
			name = ExemploJsonTests;
			productName = ExemploJsonTests;
			productReference = 6A1F3E6B161C655D0004C86A /* ExemploJsonTests.octest */;
			productType = "com.apple.product-type.bundle";
		};
/* End PBXNativeTarget section */

/* Begin PBXProject section */
		6A1F3E41161C655C0004C86A /* Project object */ = {
			isa = PBXProject;
			attributes = {
				LastUpgradeCheck = 0440;
				ORGANIZATIONNAME = rafapaulino.com;
			};
			buildConfigurationList = 6A1F3E44161C655C0004C86A /* Build configuration list for PBXProject "ExemploJson" */;
			compatibilityVersion = "Xcode 3.2";
			developmentRegion = English;
			hasScannedForEncodings = 0;
			knownRegions = (
				en,
			);
			mainGroup = 6A1F3E3F161C655C0004C86A;
			productRefGroup = 6A1F3E4B161C655C0004C86A /* Products */;
			projectDirPath = "";
			projectRoot = "";
			targets = (
				6A1F3E49161C655C0004C86A /* ExemploJson */,
				6A1F3E6A161C655D0004C86A /* ExemploJsonTests */,
			);
		};
/* End PBXProject section */

/* Begin PBXResourcesBuildPhase section */
		6A1F3E48161C655C0004C86A /* Resources */ = {
			isa = PBXResourcesBuildPhase;
			buildActionMask = 2147483647;
			files = (
				6A1F3E59161C655C0004C86A /* InfoPlist.strings in Resources */,
				6A1F3E62161C655D0004C86A /* MainStoryboard.storyboard in Resources */,
			);
			runOnlyForDeploymentPostprocessing = 0;
		};
		6A1F3E68161C655D0004C86A /* Resources */ = {
			isa = PBXResourcesBuildPhase;
			buildActionMask = 2147483647;
			files = (
				6A1F3E77161C655D0004C86A /* InfoPlist.strings in Resources */,
			);
			runOnlyForDeploymentPostprocessing = 0;
		};
/* End PBXResourcesBuildPhase section */

/* Begin PBXShellScriptBuildPhase section */
		6A1F3E69161C655D0004C86A /* ShellScript */ = {
			isa = PBXShellScriptBuildPhase;
			buildActionMask = 2147483647;
			files = (
			);
			inputPaths = (
			);
			outputPaths = (
			);
			runOnlyForDeploymentPostprocessing = 0;
			shellPath = /bin/sh;
			shellScript = "# Run the unit tests in this test bundle.\n\"${SYSTEM_DEVELOPER_DIR}/Tools/RunUnitTests\"\n";
		};
/* End PBXShellScriptBuildPhase section */

/* Begin PBXSourcesBuildPhase section */
		6A1F3E46161C655C0004C86A /* Sources */ = {
			isa = PBXSourcesBuildPhase;
			buildActionMask = 2147483647;
			files = (
				6A1F3E5B161C655C0004C86A /* main.m in Sources */,
				6A1F3E5F161C655C0004C86A /* AppDelegate.m in Sources */,
				6A1F3E65161C655D0004C86A /* ViewController.m in Sources */,
			);
			runOnlyForDeploymentPostprocessing = 0;
		};
		6A1F3E66161C655D0004C86A /* Sources */ = {
			isa = PBXSourcesBuildPhase;
			buildActionMask = 2147483647;
			files = (
				6A1F3E7A161C655D0004C86A /* ExemploJsonTests.m in Sources */,
			);
			runOnlyForDeploymentPostprocessing = 0;
		};
/* End PBXSourcesBuildPhase section */

/* Begin PBXTargetDependency section */
		6A1F3E71161C655D0004C86A /* PBXTargetDependency */ = {
			isa = PBXTargetDependency;
			target = 6A1F3E49161C655C0004C86A /* ExemploJson */;
			targetProxy = 6A1F3E70161C655D0004C86A /* PBXContainerItemProxy */;
		};
/* End PBXTargetDependency section */

/* Begin PBXVariantGroup section */
		6A1F3E57161C655C0004C86A /* InfoPlist.strings */ = {
			isa = PBXVariantGroup;
			children = (
				6A1F3E58161C655C0004C86A /* en */,
			);
			name = InfoPlist.strings;
			sourceTree = "<group>";
		};
		6A1F3E60161C655D0004C86A /* MainStoryboard.storyboard */ = {
			isa = PBXVariantGroup;
			children = (
				6A1F3E61161C655D0004C86A /* en */,
			);
			name = MainStoryboard.storyboard;
			sourceTree = "<group>";
		};
		6A1F3E75161C655D0004C86A /* InfoPlist.strings */ = {
			isa = PBXVariantGroup;
			children = (
				6A1F3E76161C655D0004C86A /* en */,
			);
			name = InfoPlist.strings;
			sourceTree = "<group>";
		};
/* End PBXVariantGroup section */

/* Begin XCBuildConfiguration section */
		6A1F3E7B161C655D0004C86A /* Debug */ = {
			isa = XCBuildConfiguration;
			buildSettings = {
				ALWAYS_SEARCH_USER_PATHS = NO;
				ARCHS = "$(ARCHS_STANDARD_32_BIT)";
				CLANG_CXX_LANGUAGE_STANDARD = "gnu++0x";
				CLANG_ENABLE_OBJC_ARC = YES;
				CLANG_WARN__DUPLICATE_METHOD_MATCH = YES;
				"CODE_SIGN_IDENTITY[sdk=iphoneos*]" = "iPhone Developer";
				COPY_PHASE_STRIP = NO;
				GCC_C_LANGUAGE_STANDARD = gnu99;
				GCC_DYNAMIC_NO_PIC = NO;
				GCC_OPTIMIZATION_LEVEL = 0;
				GCC_PREPROCESSOR_DEFINITIONS = (
					"DEBUG=1",
					"$(inherited)",
				);
				GCC_SYMBOLS_PRIVATE_EXTERN = NO;
				GCC_VERSION = com.apple.compilers.llvm.clang.1_0;
				GCC_WARN_ABOUT_RETURN_TYPE = YES;
				GCC_WARN_UNINITIALIZED_AUTOS = YES;
				GCC_WARN_UNUSED_VARIABLE = YES;
				IPHONEOS_DEPLOYMENT_TARGET = 5.1;
				SDKROOT = iphoneos;
			};
			name = Debug;
		};
		6A1F3E7C161C655D0004C86A /* Release */ = {
			isa = XCBuildConfiguration;
			buildSettings = {
				ALWAYS_SEARCH_USER_PATHS = NO;
				ARCHS = "$(ARCHS_STANDARD_32_BIT)";
				CLANG_CXX_LANGUAGE_STANDARD = "gnu++0x";
				CLANG_ENABLE_OBJC_ARC = YES;
				CLANG_WARN__DUPLICATE_METHOD_MATCH = YES;
				"CODE_SIGN_IDENTITY[sdk=iphoneos*]" = "iPhone Developer";
				COPY_PHASE_STRIP = YES;
				GCC_C_LANGUAGE_STANDARD = gnu99;
				GCC_VERSION = com.apple.compilers.llvm.clang.1_0;
				GCC_WARN_ABOUT_RETURN_TYPE = YES;
				GCC_WARN_UNINITIALIZED_AUTOS = YES;
				GCC_WARN_UNUSED_VARIABLE = YES;
				IPHONEOS_DEPLOYMENT_TARGET = 5.1;
				OTHER_CFLAGS = "-DNS_BLOCK_ASSERTIONS=1";
				SDKROOT = iphoneos;
				VALIDATE_PRODUCT = YES;
			};
			name = Release;
		};
		6A1F3E7E161C655D0004C86A /* Debug */ = {
			isa = XCBuildConfiguration;
			buildSettings = {
				GCC_PRECOMPILE_PREFIX_HEADER = YES;
				GCC_PREFIX_HEADER = "ExemploJson/ExemploJson-Prefix.pch";
				INFOPLIST_FILE = "ExemploJson/ExemploJson-Info.plist";
				PRODUCT_NAME = "$(TARGET_NAME)";
				WRAPPER_EXTENSION = app;
			};
			name = Debug;
		};
		6A1F3E7F161C655D0004C86A /* Release */ = {
			isa = XCBuildConfiguration;
			buildSettings = {
				GCC_PRECOMPILE_PREFIX_HEADER = YES;
				GCC_PREFIX_HEADER = "ExemploJson/ExemploJson-Prefix.pch";
				INFOPLIST_FILE = "ExemploJson/ExemploJson-Info.plist";
				PRODUCT_NAME = "$(TARGET_NAME)";
				WRAPPER_EXTENSION = app;
			};
			name = Release;
		};
		6A1F3E81161C655D0004C86A /* Debug */ = {
			isa = XCBuildConfiguration;
			buildSettings = {
				BUNDLE_LOADER = "$(BUILT_PRODUCTS_DIR)/ExemploJson.app/ExemploJson";
				FRAMEWORK_SEARCH_PATHS = (
					"\"$(SDKROOT)/Developer/Library/Frameworks\"",
					"\"$(DEVELOPER_LIBRARY_DIR)/Frameworks\"",
				);
				GCC_PRECOMPILE_PREFIX_HEADER = YES;
				GCC_PREFIX_HEADER = "ExemploJson/ExemploJson-Prefix.pch";
				INFOPLIST_FILE = "ExemploJsonTests/ExemploJsonTests-Info.plist";
				PRODUCT_NAME = "$(TARGET_NAME)";
				TEST_HOST = "$(BUNDLE_LOADER)";
				WRAPPER_EXTENSION = octest;
			};
			name = Debug;
		};
		6A1F3E82161C655D0004C86A /* Release */ = {
			isa = XCBuildConfiguration;
			buildSettings = {
				BUNDLE_LOADER = "$(BUILT_PRODUCTS_DIR)/ExemploJson.app/ExemploJson";
				FRAMEWORK_SEARCH_PATHS = (
					"\"$(SDKROOT)/Developer/Library/Frameworks\"",
					"\"$(DEVELOPER_LIBRARY_DIR)/Frameworks\"",
				);
				GCC_PRECOMPILE_PREFIX_HEADER = YES;
				GCC_PREFIX_HEADER = "ExemploJson/ExemploJson-Prefix.pch";
				INFOPLIST_FILE = "ExemploJsonTests/ExemploJsonTests-Info.plist";
				PRODUCT_NAME = "$(TARGET_NAME)";
				TEST_HOST = "$(BUNDLE_LOADER)";
				WRAPPER_EXTENSION = octest;
			};
			name = Release;
		};
/* End XCBuildConfiguration section */

/* Begin XCConfigurationList section */
		6A1F3E44161C655C0004C86A /* Build configuration list for PBXProject "ExemploJson" */ = {
			isa = XCConfigurationList;
			buildConfigurations = (
				6A1F3E7B161C655D0004C86A /* Debug */,
				6A1F3E7C161C655D0004C86A /* Release */,
			);
			defaultConfigurationIsVisible = 0;
			defaultConfigurationName = Release;
		};
		6A1F3E7D161C655D0004C86A /* Build configuration list for PBXNativeTarget "ExemploJson" */ = {
			isa = XCConfigurationList;
			buildConfigurations = (
				6A1F3E7E161C655D0004C86A /* Debug */,
				6A1F3E7F161C655D0004C86A /* Release */,
			);
			defaultConfigurationIsVisible = 0;
		};
		6A1F3E80161C655D0004C86A /* Build configuration list for PBXNativeTarget "ExemploJsonTests" */ = {
			isa = XCConfigurationList;
			buildConfigurations = (
				6A1F3E81161C655D0004C86A /* Debug */,
				6A1F3E82161C655D0004C86A /* Release */,
			);
			defaultConfigurationIsVisible = 0;
		};
/* End XCConfigurationList section */
	};
	rootObject = 6A1F3E41161C655C0004C86A /* Project object */;
}
